
Microsoft Visual Studio Solution File, Format Version 12.00
# Visual Studio Version 17
VisualStudioVersion = 17.5.33530.505
MinimumVisualStudioVersion = 10.0.40219.1
Project("{FAE04EC0-301F-11D3-BF4B-00C04F79EFBC}") = "Mercado", "Mercado\Mercado.csproj", "{C74C7DF6-0E17-401A-A2D3-BB65A299A4F9}"
EndProject
Global
	GlobalSection(SolutionConfigurationPlatforms) = preSolution
		Debug|Any CPU = Debug|Any CPU
		Release|Any CPU = Release|Any CPU
	EndGlobalSection
	GlobalSection(ProjectConfigurationPlatforms) = postSolution
		{C74C7DF6-0E17-401A-A2D3-BB65A299A4F9}.Debug|Any CPU.ActiveCfg = Debug|Any CPU
		{C74C7DF6-0E17-401A-A2D3-BB65A299A4F9}.Debug|Any CPU.Build.0 = Debug|Any CPU
		{C74C7DF6-0E17-401A-A2D3-BB65A299A4F9}.Release|Any CPU.ActiveCfg = Release|Any CPU
		{C74C7DF6-0E17-401A-A2D3-BB65A299A4F9}.Release|Any CPU.Build.0 = Release|Any CPU
	EndGlobalSection
	GlobalSection(SolutionProperties) = preSolution
		HideSolutionNode = FALSE
	EndGlobalSection
	GlobalSection(ExtensibilityGlobals) = postSolution
		SolutionGuid = {D774DE7A-C2E9-4C8E-AAC8-5E4CEDAEBDDF}
	EndGlobalSection
EndGlobal
